
Microsoft Visual Studio Solution File, Format Version 12.00
# Visual Studio Version 17
VisualStudioVersion = 17.5.002.0
MinimumVisualStudioVersion = 10.0.40219.1
Project("{9A19103F-16F7-4668-BE54-9A1E7A4F7556}") = "APIGatewayAuthorizer", "APIGatewayAuthorizer.csproj", "{61137C39-580E-439C-A791-2D47F55578C3}"
EndProject
Global
	GlobalSection(SolutionConfigurationPlatforms) = preSolution
		Debug|Any CPU = Debug|Any CPU
		Release|Any CPU = Release|Any CPU
	EndGlobalSection
	GlobalSection(ProjectConfigurationPlatforms) = postSolution
		{61137C39-580E-439C-A791-2D47F55578C3}.Debug|Any CPU.ActiveCfg = Debug|Any CPU
		{61137C39-580E-439C-A791-2D47F55578C3}.Debug|Any CPU.Build.0 = Debug|Any CPU
		{61137C39-580E-439C-A791-2D47F55578C3}.Release|Any CPU.ActiveCfg = Release|Any CPU
		{61137C39-580E-439C-A791-2D47F55578C3}.Release|Any CPU.Build.0 = Release|Any CPU
	EndGlobalSection
	GlobalSection(SolutionProperties) = preSolution
		HideSolutionNode = FALSE
	EndGlobalSection
	GlobalSection(ExtensibilityGlobals) = postSolution
		SolutionGuid = {1A9BA4A8-5A34-4280-8391-C2D0A5EE8B7D}
	EndGlobalSection
EndGlobal
